
Microsoft Visual Studio Solution File, Format Version 12.00
# Visual Studio Version 17
VisualStudioVersion = 17.11.35312.102
MinimumVisualStudioVersion = 10.0.40219.1
Project("{FAE04EC0-301F-11D3-BF4B-00C04F79EFBC}") = "Eshop.business", "Eshop.business\Eshop.business.csproj", "{68C53803-1605-42BA-8FC4-5452381740FC}"
EndProject
Project("{FAE04EC0-301F-11D3-BF4B-00C04F79EFBC}") = "Eshop.data", "Eshop.data\Eshop.data.csproj", "{D1E333A2-722F-4271-A025-4537D324169B}"
EndProject
Project("{FAE04EC0-301F-11D3-BF4B-00C04F79EFBC}") = "Eshop", "Eshop\Eshop.csproj", "{037E8101-FB51-4DA3-ACBB-50DEFC00B619}"
EndProject
Global
	GlobalSection(SolutionConfigurationPlatforms) = preSolution
		Debug|Any CPU = Debug|Any CPU
		Release|Any CPU = Release|Any CPU
	EndGlobalSection
	GlobalSection(ProjectConfigurationPlatforms) = postSolution
		{68C53803-1605-42BA-8FC4-5452381740FC}.Debug|Any CPU.ActiveCfg = Debug|Any CPU
		{68C53803-1605-42BA-8FC4-5452381740FC}.Debug|Any CPU.Build.0 = Debug|Any CPU
		{68C53803-1605-42BA-8FC4-5452381740FC}.Release|Any CPU.ActiveCfg = Release|Any CPU
		{68C53803-1605-42BA-8FC4-5452381740FC}.Release|Any CPU.Build.0 = Release|Any CPU
		{D1E333A2-722F-4271-A025-4537D324169B}.Debug|Any CPU.ActiveCfg = Debug|Any CPU
		{D1E333A2-722F-4271-A025-4537D324169B}.Debug|Any CPU.Build.0 = Debug|Any CPU
		{D1E333A2-722F-4271-A025-4537D324169B}.Release|Any CPU.ActiveCfg = Release|Any CPU
		{D1E333A2-722F-4271-A025-4537D324169B}.Release|Any CPU.Build.0 = Release|Any CPU
		{037E8101-FB51-4DA3-ACBB-50DEFC00B619}.Debug|Any CPU.ActiveCfg = Debug|Any CPU
		{037E8101-FB51-4DA3-ACBB-50DEFC00B619}.Debug|Any CPU.Build.0 = Debug|Any CPU
		{037E8101-FB51-4DA3-ACBB-50DEFC00B619}.Release|Any CPU.ActiveCfg = Release|Any CPU
		{037E8101-FB51-4DA3-ACBB-50DEFC00B619}.Release|Any CPU.Build.0 = Release|Any CPU
	EndGlobalSection
	GlobalSection(SolutionProperties) = preSolution
		HideSolutionNode = FALSE
	EndGlobalSection
	GlobalSection(ExtensibilityGlobals) = postSolution
		SolutionGuid = {AFFDBF35-01F3-478A-ACB0-37C45E612D8F}
	EndGlobalSection
EndGlobal
